
Microsoft Visual Studio Solution File, Format Version 12.00
# Visual Studio Express 2012 for Windows Desktop
Project("{FAE04EC0-301F-11D3-BF4B-00C04F79EFBC}") = "ClosestPair", "ClosestPair\ClosestPair.csproj", "{41576796-2C79-4F15-BA23-4DDC57EC7857}"
EndProject
Project("{FAE04EC0-301F-11D3-BF4B-00C04F79EFBC}") = "ClosestPairTests", "ClosestPairTests\ClosestPairTests.csproj", "{0916FC13-334F-4727-B959-9CE811169C5A}"
EndProject
Global
	GlobalSection(SolutionConfigurationPlatforms) = preSolution
		Debug|Any CPU = Debug|Any CPU
		Release|Any CPU = Release|Any CPU
	EndGlobalSection
	GlobalSection(ProjectConfigurationPlatforms) = postSolution
		{41576796-2C79-4F15-BA23-4DDC57EC7857}.Debug|Any CPU.ActiveCfg = Debug|Any CPU
		{41576796-2C79-4F15-BA23-4DDC57EC7857}.Debug|Any CPU.Build.0 = Debug|Any CPU
		{41576796-2C79-4F15-BA23-4DDC57EC7857}.Release|Any CPU.ActiveCfg = Release|Any CPU
		{41576796-2C79-4F15-BA23-4DDC57EC7857}.Release|Any CPU.Build.0 = Release|Any CPU
		{0916FC13-334F-4727-B959-9CE811169C5A}.Debug|Any CPU.ActiveCfg = Debug|Any CPU
		{0916FC13-334F-4727-B959-9CE811169C5A}.Debug|Any CPU.Build.0 = Debug|Any CPU
		{0916FC13-334F-4727-B959-9CE811169C5A}.Release|Any CPU.ActiveCfg = Release|Any CPU
		{0916FC13-334F-4727-B959-9CE811169C5A}.Release|Any CPU.Build.0 = Release|Any CPU
	EndGlobalSection
	GlobalSection(SolutionProperties) = preSolution
		HideSolutionNode = FALSE
	EndGlobalSection
EndGlobal
